
Microsoft Visual Studio Solution File, Format Version 12.00
# Visual Studio Version 17
VisualStudioVersion = 17.2.32616.157
MinimumVisualStudioVersion = 10.0.40219.1
Project("{FAE04EC0-301F-11D3-BF4B-00C04F79EFBC}") = "MvcProject2", "MvcProject2\MvcProject2.csproj", "{9E65CCDE-D6D5-4876-B2F1-BFEFD38D7595}"
EndProject
Global
	GlobalSection(SolutionConfigurationPlatforms) = preSolution
		Debug|Any CPU = Debug|Any CPU
		Release|Any CPU = Release|Any CPU
	EndGlobalSection
	GlobalSection(ProjectConfigurationPlatforms) = postSolution
		{9E65CCDE-D6D5-4876-B2F1-BFEFD38D7595}.Debug|Any CPU.ActiveCfg = Debug|Any CPU
		{9E65CCDE-D6D5-4876-B2F1-BFEFD38D7595}.Debug|Any CPU.Build.0 = Debug|Any CPU
		{9E65CCDE-D6D5-4876-B2F1-BFEFD38D7595}.Release|Any CPU.ActiveCfg = Release|Any CPU
		{9E65CCDE-D6D5-4876-B2F1-BFEFD38D7595}.Release|Any CPU.Build.0 = Release|Any CPU
	EndGlobalSection
	GlobalSection(SolutionProperties) = preSolution
		HideSolutionNode = FALSE
	EndGlobalSection
	GlobalSection(ExtensibilityGlobals) = postSolution
		SolutionGuid = {B2A2A1C3-FB4D-4FEA-9C98-EA4DA16A45A4}
	EndGlobalSection
EndGlobal
